
Microsoft Visual Studio Solution File, Format Version 12.00
# Visual Studio Version 17
VisualStudioVersion = 17.5.002.0
MinimumVisualStudioVersion = 10.0.40219.1
Project("{9A19103F-16F7-4668-BE54-9A1E7A4F7556}") = "ToDoIntegrationTest", "ToDoIntegrationTest.csproj", "{F25A0301-05A4-40BF-A9A4-2BC9D5FE2882}"
EndProject
Global
	GlobalSection(SolutionConfigurationPlatforms) = preSolution
		Debug|Any CPU = Debug|Any CPU
		Release|Any CPU = Release|Any CPU
	EndGlobalSection
	GlobalSection(ProjectConfigurationPlatforms) = postSolution
		{F25A0301-05A4-40BF-A9A4-2BC9D5FE2882}.Debug|Any CPU.ActiveCfg = Debug|Any CPU
		{F25A0301-05A4-40BF-A9A4-2BC9D5FE2882}.Debug|Any CPU.Build.0 = Debug|Any CPU
		{F25A0301-05A4-40BF-A9A4-2BC9D5FE2882}.Release|Any CPU.ActiveCfg = Release|Any CPU
		{F25A0301-05A4-40BF-A9A4-2BC9D5FE2882}.Release|Any CPU.Build.0 = Release|Any CPU
	EndGlobalSection
	GlobalSection(SolutionProperties) = preSolution
		HideSolutionNode = FALSE
	EndGlobalSection
	GlobalSection(ExtensibilityGlobals) = postSolution
		SolutionGuid = {3EE5F0B0-2CEF-4130-AE8E-813C2F4D9017}
	EndGlobalSection
EndGlobal
